
Microsoft Visual Studio Solution File, Format Version 12.00
# Visual Studio Version 17
VisualStudioVersion = 17.7.34024.191
MinimumVisualStudioVersion = 10.0.40219.1
Project("{9A19103F-16F7-4668-BE54-9A1E7A4F7556}") = "AspNetCoreFunction", "TestFunctionApp\AspNetCoreFunction.csproj", "{933403A5-E72B-4DB2-B25F-DE6780D10BF3}"
EndProject
Project("{9A19103F-16F7-4668-BE54-9A1E7A4F7556}") = "DefaultFunctionApp", "DefaultFunctionApp\DefaultFunctionApp.csproj", "{F03D0245-FDE8-4EE3-9448-3B3896A5A97A}"
EndProject
Project("{FAE04EC0-301F-11D3-BF4B-00C04F79EFBC}") = "AspNetCoreManualConfigurationFunction", "AspNetCoreManualConfigurationFunction\AspNetCoreManualConfigurationFunction.csproj", "{CE73C56F-EDFA-41A9-9483-86E92F80ADBC}"
EndProject
Global
	GlobalSection(SolutionConfigurationPlatforms) = preSolution
		Debug|Any CPU = Debug|Any CPU
		Release|Any CPU = Release|Any CPU
	EndGlobalSection
	GlobalSection(ProjectConfigurationPlatforms) = postSolution
		{933403A5-E72B-4DB2-B25F-DE6780D10BF3}.Debug|Any CPU.ActiveCfg = Debug|Any CPU
		{933403A5-E72B-4DB2-B25F-DE6780D10BF3}.Debug|Any CPU.Build.0 = Debug|Any CPU
		{933403A5-E72B-4DB2-B25F-DE6780D10BF3}.Release|Any CPU.ActiveCfg = Release|Any CPU
		{933403A5-E72B-4DB2-B25F-DE6780D10BF3}.Release|Any CPU.Build.0 = Release|Any CPU
		{F03D0245-FDE8-4EE3-9448-3B3896A5A97A}.Debug|Any CPU.ActiveCfg = Debug|Any CPU
		{F03D0245-FDE8-4EE3-9448-3B3896A5A97A}.Debug|Any CPU.Build.0 = Debug|Any CPU
		{F03D0245-FDE8-4EE3-9448-3B3896A5A97A}.Release|Any CPU.ActiveCfg = Release|Any CPU
		{F03D0245-FDE8-4EE3-9448-3B3896A5A97A}.Release|Any CPU.Build.0 = Release|Any CPU
		{CE73C56F-EDFA-41A9-9483-86E92F80ADBC}.Debug|Any CPU.ActiveCfg = Debug|Any CPU
		{CE73C56F-EDFA-41A9-9483-86E92F80ADBC}.Debug|Any CPU.Build.0 = Debug|Any CPU
		{CE73C56F-EDFA-41A9-9483-86E92F80ADBC}.Release|Any CPU.ActiveCfg = Release|Any CPU
		{CE73C56F-EDFA-41A9-9483-86E92F80ADBC}.Release|Any CPU.Build.0 = Release|Any CPU
	EndGlobalSection
	GlobalSection(SolutionProperties) = preSolution
		HideSolutionNode = FALSE
	EndGlobalSection
	GlobalSection(ExtensibilityGlobals) = postSolution
		SolutionGuid = {C8B28DC0-C983-4BF2-920F-BD888C9EA806}
	EndGlobalSection
EndGlobal
